
Microsoft Visual Studio Solution File, Format Version 12.00
# Visual Studio Version 16
VisualStudioVersion = 16.0.29709.97
MinimumVisualStudioVersion = 10.0.40219.1
Project("{9A19103F-16F7-4668-BE54-9A1E7A4F7556}") = "WebShop.Domain", "WebShop.Domain\WebShop.Domain.csproj", "{2E8D7B56-F10B-45A9-8E2E-79AA523F159F}"
EndProject
Project("{9A19103F-16F7-4668-BE54-9A1E7A4F7556}") = "WebShop.Data", "WebShop.Data\WebShop.Data.csproj", "{833B415C-DC0F-4776-8880-013F65CE52A0}"
EndProject
Project("{FAE04EC0-301F-11D3-BF4B-00C04F79EFBC}") = "WebShopAPI", "WebShopAPI\WebShopAPI.csproj", "{FF34697C-951D-4A1A-942C-16B59934A80B}"
EndProject
Global
	GlobalSection(SolutionConfigurationPlatforms) = preSolution
		Debug|Any CPU = Debug|Any CPU
		Release|Any CPU = Release|Any CPU
	EndGlobalSection
	GlobalSection(ProjectConfigurationPlatforms) = postSolution
		{2E8D7B56-F10B-45A9-8E2E-79AA523F159F}.Debug|Any CPU.ActiveCfg = Debug|Any CPU
		{2E8D7B56-F10B-45A9-8E2E-79AA523F159F}.Debug|Any CPU.Build.0 = Debug|Any CPU
		{2E8D7B56-F10B-45A9-8E2E-79AA523F159F}.Release|Any CPU.ActiveCfg = Release|Any CPU
		{2E8D7B56-F10B-45A9-8E2E-79AA523F159F}.Release|Any CPU.Build.0 = Release|Any CPU
		{833B415C-DC0F-4776-8880-013F65CE52A0}.Debug|Any CPU.ActiveCfg = Debug|Any CPU
		{833B415C-DC0F-4776-8880-013F65CE52A0}.Debug|Any CPU.Build.0 = Debug|Any CPU
		{833B415C-DC0F-4776-8880-013F65CE52A0}.Release|Any CPU.ActiveCfg = Release|Any CPU
		{833B415C-DC0F-4776-8880-013F65CE52A0}.Release|Any CPU.Build.0 = Release|Any CPU
		{FF34697C-951D-4A1A-942C-16B59934A80B}.Debug|Any CPU.ActiveCfg = Debug|Any CPU
		{FF34697C-951D-4A1A-942C-16B59934A80B}.Debug|Any CPU.Build.0 = Debug|Any CPU
		{FF34697C-951D-4A1A-942C-16B59934A80B}.Release|Any CPU.ActiveCfg = Release|Any CPU
		{FF34697C-951D-4A1A-942C-16B59934A80B}.Release|Any CPU.Build.0 = Release|Any CPU
	EndGlobalSection
	GlobalSection(SolutionProperties) = preSolution
		HideSolutionNode = FALSE
	EndGlobalSection
	GlobalSection(ExtensibilityGlobals) = postSolution
		SolutionGuid = {8F3B69CB-2035-4263-9669-6B979B6BA9CF}
	EndGlobalSection
EndGlobal
